
Microsoft Visual Studio Solution File, Format Version 12.00
# Visual Studio Version 17
VisualStudioVersion = 17.0.31903.59
MinimumVisualStudioVersion = 10.0.40219.1
Project("{2150E333-8FDC-42A3-9474-1A3956D46DE8}") = ".sln", ".sln", "{6EBBE121-BB1D-4AE7-84ED-9F621285A1BA}"
	ProjectSection(SolutionItems) = preProject
		.editorconfig = .editorconfig
		.gitattributes = .gitattributes
		.gitignore = .gitignore
		LICENSE.txt = LICENSE.txt
		nuget.config = nuget.config
		README.md = README.md
	EndProjectSection
EndProject
Project("{FAE04EC0-301F-11D3-BF4B-00C04F79EFBC}") = "WinFontSync.Host", "WinFontSync.Host\WinFontSync.Host.csproj", "{AFFBF6CB-4C00-42CF-8290-B92966F9B817}"
EndProject
Global
	GlobalSection(SolutionConfigurationPlatforms) = preSolution
		Debug|Any CPU = Debug|Any CPU
		Release|Any CPU = Release|Any CPU
	EndGlobalSection
	GlobalSection(SolutionProperties) = preSolution
		HideSolutionNode = FALSE
	EndGlobalSection
	GlobalSection(ProjectConfigurationPlatforms) = postSolution
		{AFFBF6CB-4C00-42CF-8290-B92966F9B817}.Debug|Any CPU.ActiveCfg = Debug|Any CPU
		{AFFBF6CB-4C00-42CF-8290-B92966F9B817}.Debug|Any CPU.Build.0 = Debug|Any CPU
		{AFFBF6CB-4C00-42CF-8290-B92966F9B817}.Release|Any CPU.ActiveCfg = Release|Any CPU
		{AFFBF6CB-4C00-42CF-8290-B92966F9B817}.Release|Any CPU.Build.0 = Release|Any CPU
	EndGlobalSection
EndGlobal
